
Microsoft Visual Studio Solution File, Format Version 12.00
# Visual Studio Version 16
VisualStudioVersion = 16.0.30503.244
MinimumVisualStudioVersion = 10.0.40219.1
Project("{FAE04EC0-301F-11D3-BF4B-00C04F79EFBC}") = "VideoEditor", "VideoEditor\VideoEditor.csproj", "{8A52771B-74F5-4ECC-BDA9-C6E92E469960}"
EndProject
Project("{54435603-DBB4-11D2-8724-00A0C9A8B90C}") = "Setup", "Setup\Setup.vdproj", "{FC0C7273-F8A4-478D-8C05-54F9CC43DE76}"
EndProject
Global
	GlobalSection(SolutionConfigurationPlatforms) = preSolution
		Debug|Any CPU = Debug|Any CPU
		Release|Any CPU = Release|Any CPU
	EndGlobalSection
	GlobalSection(ProjectConfigurationPlatforms) = postSolution
		{8A52771B-74F5-4ECC-BDA9-C6E92E469960}.Debug|Any CPU.ActiveCfg = Debug|Any CPU
		{8A52771B-74F5-4ECC-BDA9-C6E92E469960}.Debug|Any CPU.Build.0 = Debug|Any CPU
		{8A52771B-74F5-4ECC-BDA9-C6E92E469960}.Release|Any CPU.ActiveCfg = Release|Any CPU
		{8A52771B-74F5-4ECC-BDA9-C6E92E469960}.Release|Any CPU.Build.0 = Release|Any CPU
		{FC0C7273-F8A4-478D-8C05-54F9CC43DE76}.Debug|Any CPU.ActiveCfg = Debug
		{FC0C7273-F8A4-478D-8C05-54F9CC43DE76}.Release|Any CPU.ActiveCfg = Release
	EndGlobalSection
	GlobalSection(SolutionProperties) = preSolution
		HideSolutionNode = FALSE
	EndGlobalSection
	GlobalSection(ExtensibilityGlobals) = postSolution
		SolutionGuid = {50A8116F-E436-45B1-9524-5B1771C3EF44}
	EndGlobalSection
EndGlobal
